
Microsoft Visual Studio Solution File, Format Version 12.00
# Visual Studio Version 17
VisualStudioVersion = 17.3.32819.101
MinimumVisualStudioVersion = 10.0.40219.1
Project("{FAE04EC0-301F-11D3-BF4B-00C04F79EFBC}") = "Generics", "Generics\Generics.csproj", "{E1A4C255-66B1-4F4E-A3A7-52928A8D0124}"
EndProject
Global
	GlobalSection(SolutionConfigurationPlatforms) = preSolution
		Debug|Any CPU = Debug|Any CPU
		Release|Any CPU = Release|Any CPU
	EndGlobalSection
	GlobalSection(ProjectConfigurationPlatforms) = postSolution
		{E1A4C255-66B1-4F4E-A3A7-52928A8D0124}.Debug|Any CPU.ActiveCfg = Debug|Any CPU
		{E1A4C255-66B1-4F4E-A3A7-52928A8D0124}.Debug|Any CPU.Build.0 = Debug|Any CPU
		{E1A4C255-66B1-4F4E-A3A7-52928A8D0124}.Release|Any CPU.ActiveCfg = Release|Any CPU
		{E1A4C255-66B1-4F4E-A3A7-52928A8D0124}.Release|Any CPU.Build.0 = Release|Any CPU
	EndGlobalSection
	GlobalSection(SolutionProperties) = preSolution
		HideSolutionNode = FALSE
	EndGlobalSection
	GlobalSection(ExtensibilityGlobals) = postSolution
		SolutionGuid = {BD7D827B-28FD-4604-B5B0-240B8B0CFB82}
	EndGlobalSection
EndGlobal
